// !$*UTF8*$!
{
	archiveVersion = 1;
	classes = {
	};
	objectVersion = 46;
	objects = {

/* Begin PBXBuildFile section */
		7ACB89771D11F09B001107DD /* AppDelegate.swift in Sources */ = {isa = PBXBuildFile; fileRef = 7ACB89761D11F09B001107DD /* AppDelegate.swift */; };
		7ACB897C1D11F09B001107DD /* Main.storyboard in Resources */ = {isa = PBXBuildFile; fileRef = 7ACB897A1D11F09B001107DD /* Main.storyboard */; };
		7ACB897E1D11F09B001107DD /* Assets.xcassets in Resources */ = {isa = PBXBuildFile; fileRef = 7ACB897D1D11F09B001107DD /* Assets.xcassets */; };
		7ACB89811D11F09B001107DD /* LaunchScreen.storyboard in Resources */ = {isa = PBXBuildFile; fileRef = 7ACB897F1D11F09B001107DD /* LaunchScreen.storyboard */; };
		7ACB89891D11F0DB001107DD /* MoviesViewController.swift in Sources */ = {isa = PBXBuildFile; fileRef = 7ACB89881D11F0DB001107DD /* MoviesViewController.swift */; };
		7ACB898C1D11FAE1001107DD /* MovieCell.swift in Sources */ = {isa = PBXBuildFile; fileRef = 7ACB898B1D11FAE1001107DD /* MovieCell.swift */; };
		7ACB89911D1206C3001107DD /* MovieCollectionViewController.swift in Sources */ = {isa = PBXBuildFile; fileRef = 7ACB89901D1206C3001107DD /* MovieCollectionViewController.swift */; };
		E7FEDB875E1F0D457EA12816 /* Pods_RottenApples.framework in Frameworks */ = {isa = PBXBuildFile; fileRef = B7729B6EF84ACAC00111333A /* Pods_RottenApples.framework */; };
/* End PBXBuildFile section */

/* Begin PBXFileReference section */
		47C9CF2494953C1984DA3537 /* Pods-RottenApples.release.xcconfig */ = {isa = PBXFileReference; includeInIndex = 1; lastKnownFileType = text.xcconfig; name = "Pods-RottenApples.release.xcconfig"; path = "Pods/Target Support Files/Pods-RottenApples/Pods-RottenApples.release.xcconfig"; sourceTree = "<group>"; };
		7ACB89731D11F09B001107DD /* RottenApples.app */ = {isa = PBXFileReference; explicitFileType = wrapper.application; includeInIndex = 0; path = RottenApples.app; sourceTree = BUILT_PRODUCTS_DIR; };
		7ACB89761D11F09B001107DD /* AppDelegate.swift */ = {isa = PBXFileReference; lastKnownFileType = sourcecode.swift; path = AppDelegate.swift; sourceTree = "<group>"; };
		7ACB897B1D11F09B001107DD /* Base */ = {isa = PBXFileReference; lastKnownFileType = file.storyboard; name = Base; path = Base.lproj/Main.storyboard; sourceTree = "<group>"; };
		7ACB897D1D11F09B001107DD /* Assets.xcassets */ = {isa = PBXFileReference; lastKnownFileType = folder.assetcatalog; path = Assets.xcassets; sourceTree = "<group>"; };
		7ACB89801D11F09B001107DD /* Base */ = {isa = PBXFileReference; lastKnownFileType = file.storyboard; name = Base; path = Base.lproj/LaunchScreen.storyboard; sourceTree = "<group>"; };
		7ACB89821D11F09B001107DD /* Info.plist */ = {isa = PBXFileReference; lastKnownFileType = text.plist.xml; path = Info.plist; sourceTree = "<group>"; };
		7ACB89881D11F0DB001107DD /* MoviesViewController.swift */ = {isa = PBXFileReference; fileEncoding = 4; lastKnownFileType = sourcecode.swift; path = MoviesViewController.swift; sourceTree = "<group>"; };
		7ACB898B1D11FAE1001107DD /* MovieCell.swift */ = {isa = PBXFileReference; fileEncoding = 4; lastKnownFileType = sourcecode.swift; path = MovieCell.swift; sourceTree = "<group>"; };
		7ACB89901D1206C3001107DD /* MovieCollectionViewController.swift */ = {isa = PBXFileReference; fileEncoding = 4; lastKnownFileType = sourcecode.swift; path = MovieCollectionViewController.swift; sourceTree = "<group>"; };
		B7729B6EF84ACAC00111333A /* Pods_RottenApples.framework */ = {isa = PBXFileReference; explicitFileType = wrapper.framework; includeInIndex = 0; path = Pods_RottenApples.framework; sourceTree = BUILT_PRODUCTS_DIR; };
		E1730E8EB14FF763325FA099 /* Pods-RottenApples.debug.xcconfig */ = {isa = PBXFileReference; includeInIndex = 1; lastKnownFileType = text.xcconfig; name = "Pods-RottenApples.debug.xcconfig"; path = "Pods/Target Support Files/Pods-RottenApples/Pods-RottenApples.debug.xcconfig"; sourceTree = "<group>"; };
/* End PBXFileReference section */

/* Begin PBXFrameworksBuildPhase section */
		7ACB89701D11F09B001107DD /* Frameworks */ = {
			isa = PBXFrameworksBuildPhase;
			buildActionMask = 2147483647;
			files = (
				E7FEDB875E1F0D457EA12816 /* Pods_RottenApples.framework in Frameworks */,
			);
			runOnlyForDeploymentPostprocessing = 0;
		};
/* End PBXFrameworksBuildPhase section */

/* Begin PBXGroup section */
		7ACB896A1D11F09B001107DD = {
			isa = PBXGroup;
			children = (
				7ACB89751D11F09B001107DD /* RottenApples */,
				7ACB89741D11F09B001107DD /* Products */,
				D21A028DBB8591A93E9DFBCD /* Pods */,
				81DF0D6E59230C74363BE825 /* Frameworks */,
			);
			sourceTree = "<group>";
		};
		7ACB89741D11F09B001107DD /* Products */ = {
			isa = PBXGroup;
			children = (
				7ACB89731D11F09B001107DD /* RottenApples.app */,
			);
			name = Products;
			sourceTree = "<group>";
		};
		7ACB89751D11F09B001107DD /* RottenApples */ = {
			isa = PBXGroup;
			children = (
				7ACB898D1D11FAF4001107DD /* View Controller */,
				7ACB898A1D11FAAB001107DD /* Views */,
				7ACB89761D11F09B001107DD /* AppDelegate.swift */,
				7ACB897A1D11F09B001107DD /* Main.storyboard */,
				7ACB897D1D11F09B001107DD /* Assets.xcassets */,
				7ACB897F1D11F09B001107DD /* LaunchScreen.storyboard */,
				7ACB89821D11F09B001107DD /* Info.plist */,
			);
			path = RottenApples;
			sourceTree = "<group>";
		};
		7ACB898A1D11FAAB001107DD /* Views */ = {
			isa = PBXGroup;
			children = (
				7ACB898B1D11FAE1001107DD /* MovieCell.swift */,
			);
			name = Views;
			sourceTree = "<group>";
		};
		7ACB898D1D11FAF4001107DD /* View Controller */ = {
			isa = PBXGroup;
			children = (
				7ACB89901D1206C3001107DD /* MovieCollectionViewController.swift */,
				7ACB89881D11F0DB001107DD /* MoviesViewController.swift */,
			);
			name = "View Controller";
			sourceTree = "<group>";
		};
		81DF0D6E59230C74363BE825 /* Frameworks */ = {
			isa = PBXGroup;
			children = (
				B7729B6EF84ACAC00111333A /* Pods_RottenApples.framework */,
			);
			name = Frameworks;
			sourceTree = "<group>";
		};
		D21A028DBB8591A93E9DFBCD /* Pods */ = {
			isa = PBXGroup;
			children = (
				E1730E8EB14FF763325FA099 /* Pods-RottenApples.debug.xcconfig */,
				47C9CF2494953C1984DA3537 /* Pods-RottenApples.release.xcconfig */,
			);
			name = Pods;
			sourceTree = "<group>";
		};
/* End PBXGroup section */

/* Begin PBXNativeTarget section */
		7ACB89721D11F09B001107DD /* RottenApples */ = {
			isa = PBXNativeTarget;
			buildConfigurationList = 7ACB89851D11F09B001107DD /* Build configuration list for PBXNativeTarget "RottenApples" */;
			buildPhases = (
				7C8F1CBF14ADEAC56647610E /* [CP] Check Pods Manifest.lock */,
				7ACB896F1D11F09B001107DD /* Sources */,
				7ACB89701D11F09B001107DD /* Frameworks */,
				7ACB89711D11F09B001107DD /* Resources */,
				5EB1D593C34F4D2CA843F99A /* [CP] Embed Pods Frameworks */,
				08237D345F100843C5A733D8 /* [CP] Copy Pods Resources */,
			);
			buildRules = (
			);
			dependencies = (
			);
			name = RottenApples;
			productName = RottenApples;
			productReference = 7ACB89731D11F09B001107DD /* RottenApples.app */;
			productType = "com.apple.product-type.application";
		};
/* End PBXNativeTarget section */

/* Begin PBXProject section */
		7ACB896B1D11F09B001107DD /* Project object */ = {
			isa = PBXProject;
			attributes = {
				LastSwiftUpdateCheck = 0730;
				LastUpgradeCheck = 0730;
				ORGANIZATIONNAME = "Ming Horn";
				TargetAttributes = {
					7ACB89721D11F09B001107DD = {
						CreatedOnToolsVersion = 7.3.1;
					};
				};
			};
			buildConfigurationList = 7ACB896E1D11F09B001107DD /* Build configuration list for PBXProject "RottenApples" */;
			compatibilityVersion = "Xcode 3.2";
			developmentRegion = English;
			hasScannedForEncodings = 0;
			knownRegions = (
				en,
				Base,
			);
			mainGroup = 7ACB896A1D11F09B001107DD;
			productRefGroup = 7ACB89741D11F09B001107DD /* Products */;
			projectDirPath = "";
			projectRoot = "";
			targets = (
				7ACB89721D11F09B001107DD /* RottenApples */,
			);
		};
/* End PBXProject section */

/* Begin PBXResourcesBuildPhase section */
		7ACB89711D11F09B001107DD /* Resources */ = {
			isa = PBXResourcesBuildPhase;
			buildActionMask = 2147483647;
			files = (
				7ACB89811D11F09B001107DD /* LaunchScreen.storyboard in Resources */,
				7ACB897E1D11F09B001107DD /* Assets.xcassets in Resources */,
				7ACB897C1D11F09B001107DD /* Main.storyboard in Resources */,
			);
			runOnlyForDeploymentPostprocessing = 0;
		};
/* End PBXResourcesBuildPhase section */

/* Begin PBXShellScriptBuildPhase section */
		08237D345F100843C5A733D8 /* [CP] Copy Pods Resources */ = {
			isa = PBXShellScriptBuildPhase;
			buildActionMask = 2147483647;
			files = (
			);
			inputPaths = (
			);
			name = "[CP] Copy Pods Resources";
			outputPaths = (
			);
			runOnlyForDeploymentPostprocessing = 0;
			shellPath = /bin/sh;
			shellScript = "\"${SRCROOT}/Pods/Target Support Files/Pods-RottenApples/Pods-RottenApples-resources.sh\"\n";
			showEnvVarsInLog = 0;
		};
		5EB1D593C34F4D2CA843F99A /* [CP] Embed Pods Frameworks */ = {
			isa = PBXShellScriptBuildPhase;
			buildActionMask = 2147483647;
			files = (
			);
			inputPaths = (
			);
			name = "[CP] Embed Pods Frameworks";
			outputPaths = (
			);
			runOnlyForDeploymentPostprocessing = 0;
			shellPath = /bin/sh;
			shellScript = "\"${SRCROOT}/Pods/Target Support Files/Pods-RottenApples/Pods-RottenApples-frameworks.sh\"\n";
			showEnvVarsInLog = 0;
		};
		7C8F1CBF14ADEAC56647610E /* [CP] Check Pods Manifest.lock */ = {
			isa = PBXShellScriptBuildPhase;
			buildActionMask = 2147483647;
			files = (
			);
			inputPaths = (
			);
			name = "[CP] Check Pods Manifest.lock";
			outputPaths = (
			);
			runOnlyForDeploymentPostprocessing = 0;
			shellPath = /bin/sh;
			shellScript = "diff \"${PODS_ROOT}/../Podfile.lock\" \"${PODS_ROOT}/Manifest.lock\" > /dev/null\nif [[ $? != 0 ]] ; then\n    cat << EOM\nerror: The sandbox is not in sync with the Podfile.lock. Run 'pod install' or update your CocoaPods installation.\nEOM\n    exit 1\nfi\n";
			showEnvVarsInLog = 0;
		};
/* End PBXShellScriptBuildPhase section */

/* Begin PBXSourcesBuildPhase section */
		7ACB896F1D11F09B001107DD /* Sources */ = {
			isa = PBXSourcesBuildPhase;
			buildActionMask = 2147483647;
			files = (
				7ACB89771D11F09B001107DD /* AppDelegate.swift in Sources */,
				7ACB89911D1206C3001107DD /* MovieCollectionViewController.swift in Sources */,
				7ACB89891D11F0DB001107DD /* MoviesViewController.swift in Sources */,
				7ACB898C1D11FAE1001107DD /* MovieCell.swift in Sources */,
			);
			runOnlyForDeploymentPostprocessing = 0;
		};
/* End PBXSourcesBuildPhase section */

/* Begin PBXVariantGroup section */
		7ACB897A1D11F09B001107DD /* Main.storyboard */ = {
			isa = PBXVariantGroup;
			children = (
				7ACB897B1D11F09B001107DD /* Base */,
			);
			name = Main.storyboard;
			sourceTree = "<group>";
		};
		7ACB897F1D11F09B001107DD /* LaunchScreen.storyboard */ = {
			isa = PBXVariantGroup;
			children = (
				7ACB89801D11F09B001107DD /* Base */,
			);
			name = LaunchScreen.storyboard;
			sourceTree = "<group>";
		};
/* End PBXVariantGroup section */

/* Begin XCBuildConfiguration section */
		7ACB89831D11F09B001107DD /* Debug */ = {
			isa = XCBuildConfiguration;
			buildSettings = {
				ALWAYS_SEARCH_USER_PATHS = NO;
				CLANG_ANALYZER_NONNULL = YES;
				CLANG_CXX_LANGUAGE_STANDARD = "gnu++0x";
				CLANG_CXX_LIBRARY = "libc++";
				CLANG_ENABLE_MODULES = YES;
				CLANG_ENABLE_OBJC_ARC = YES;
				CLANG_WARN_BOOL_CONVERSION = YES;
				CLANG_WARN_CONSTANT_CONVERSION = YES;
				CLANG_WARN_DIRECT_OBJC_ISA_USAGE = YES_ERROR;
				CLANG_WARN_EMPTY_BODY = YES;
				CLANG_WARN_ENUM_CONVERSION = YES;
				CLANG_WARN_INT_CONVERSION = YES;
				CLANG_WARN_OBJC_ROOT_CLASS = YES_ERROR;
				CLANG_WARN_UNREACHABLE_CODE = YES;
				CLANG_WARN__DUPLICATE_METHOD_MATCH = YES;
				"CODE_SIGN_IDENTITY[sdk=iphoneos*]" = "iPhone Developer";
				COPY_PHASE_STRIP = NO;
				DEBUG_INFORMATION_FORMAT = dwarf;
				ENABLE_STRICT_OBJC_MSGSEND = YES;
				ENABLE_TESTABILITY = YES;
				GCC_C_LANGUAGE_STANDARD = gnu99;
				GCC_DYNAMIC_NO_PIC = NO;
				GCC_NO_COMMON_BLOCKS = YES;
				GCC_OPTIMIZATION_LEVEL = 0;
				GCC_PREPROCESSOR_DEFINITIONS = (
					"DEBUG=1",
					"$(inherited)",
				);
				GCC_WARN_64_TO_32_BIT_CONVERSION = YES;
				GCC_WARN_ABOUT_RETURN_TYPE = YES_ERROR;
				GCC_WARN_UNDECLARED_SELECTOR = YES;
				GCC_WARN_UNINITIALIZED_AUTOS = YES_AGGRESSIVE;
				GCC_WARN_UNUSED_FUNCTION = YES;
				GCC_WARN_UNUSED_VARIABLE = YES;
				IPHONEOS_DEPLOYMENT_TARGET = 9.3;
				MTL_ENABLE_DEBUG_INFO = YES;
				ONLY_ACTIVE_ARCH = YES;
				SDKROOT = iphoneos;
				SWIFT_OPTIMIZATION_LEVEL = "-Onone";
				TARGETED_DEVICE_FAMILY = "1,2";
			};
			name = Debug;
		};
		7ACB89841D11F09B001107DD /* Release */ = {
			isa = XCBuildConfiguration;
			buildSettings = {
				ALWAYS_SEARCH_USER_PATHS = NO;
				CLANG_ANALYZER_NONNULL = YES;
				CLANG_CXX_LANGUAGE_STANDARD = "gnu++0x";
				CLANG_CXX_LIBRARY = "libc++";
				CLANG_ENABLE_MODULES = YES;
				CLANG_ENABLE_OBJC_ARC = YES;
				CLANG_WARN_BOOL_CONVERSION = YES;
				CLANG_WARN_CONSTANT_CONVERSION = YES;
				CLANG_WARN_DIRECT_OBJC_ISA_USAGE = YES_ERROR;
				CLANG_WARN_EMPTY_BODY = YES;
				CLANG_WARN_ENUM_CONVERSION = YES;
				CLANG_WARN_INT_CONVERSION = YES;
				CLANG_WARN_OBJC_ROOT_CLASS = YES_ERROR;
				CLANG_WARN_UNREACHABLE_CODE = YES;
				CLANG_WARN__DUPLICATE_METHOD_MATCH = YES;
				"CODE_SIGN_IDENTITY[sdk=iphoneos*]" = "iPhone Developer";
				COPY_PHASE_STRIP = NO;
				DEBUG_INFORMATION_FORMAT = "dwarf-with-dsym";
				ENABLE_NS_ASSERTIONS = NO;
				ENABLE_STRICT_OBJC_MSGSEND = YES;
				GCC_C_LANGUAGE_STANDARD = gnu99;
				GCC_NO_COMMON_BLOCKS = YES;
				GCC_WARN_64_TO_32_BIT_CONVERSION = YES;
				GCC_WARN_ABOUT_RETURN_TYPE = YES_ERROR;
				GCC_WARN_UNDECLARED_SELECTOR = YES;
				GCC_WARN_UNINITIALIZED_AUTOS = YES_AGGRESSIVE;
				GCC_WARN_UNUSED_FUNCTION = YES;
				GCC_WARN_UNUSED_VARIABLE = YES;
				IPHONEOS_DEPLOYMENT_TARGET = 9.3;
				MTL_ENABLE_DEBUG_INFO = NO;
				SDKROOT = iphoneos;
				TARGETED_DEVICE_FAMILY = "1,2";
				VALIDATE_PRODUCT = YES;
			};
			name = Release;
		};
		7ACB89861D11F09B001107DD /* Debug */ = {
			isa = XCBuildConfiguration;
			baseConfigurationReference = E1730E8EB14FF763325FA099 /* Pods-RottenApples.debug.xcconfig */;
			buildSettings = {
				ASSETCATALOG_COMPILER_APPICON_NAME = AppIcon;
				INFOPLIST_FILE = RottenApples/Info.plist;
				LD_RUNPATH_SEARCH_PATHS = "$(inherited) @executable_path/Frameworks";
				PRODUCT_BUNDLE_IDENTIFIER = com.fbu.RottenApples;
				PRODUCT_NAME = "$(TARGET_NAME)";
			};
			name = Debug;
		};
		7ACB89871D11F09B001107DD /* Release */ = {
			isa = XCBuildConfiguration;
			baseConfigurationReference = 47C9CF2494953C1984DA3537 /* Pods-RottenApples.release.xcconfig */;
			buildSettings = {
				ASSETCATALOG_COMPILER_APPICON_NAME = AppIcon;
				INFOPLIST_FILE = RottenApples/Info.plist;
				LD_RUNPATH_SEARCH_PATHS = "$(inherited) @executable_path/Frameworks";
				PRODUCT_BUNDLE_IDENTIFIER = com.fbu.RottenApples;
				PRODUCT_NAME = "$(TARGET_NAME)";
			};
			name = Release;
		};
/* End XCBuildConfiguration section */

/* Begin XCConfigurationList section */
		7ACB896E1D11F09B001107DD /* Build configuration list for PBXProject "RottenApples" */ = {
			isa = XCConfigurationList;
			buildConfigurations = (
				7ACB89831D11F09B001107DD /* Debug */,
				7ACB89841D11F09B001107DD /* Release */,
			);
			defaultConfigurationIsVisible = 0;
			defaultConfigurationName = Release;
		};
		7ACB89851D11F09B001107DD /* Build configuration list for PBXNativeTarget "RottenApples" */ = {
			isa = XCConfigurationList;
			buildConfigurations = (
				7ACB89861D11F09B001107DD /* Debug */,
				7ACB89871D11F09B001107DD /* Release */,
			);
			defaultConfigurationIsVisible = 0;
			defaultConfigurationName = Release;
		};
/* End XCConfigurationList section */
	};
	rootObject = 7ACB896B1D11F09B001107DD /* Project object */;
}
